PODS:
  - AudioKit (4.5.3):
    - AudioKit/Core (= 4.5.3)
    - AudioKit/UI (= 4.5.3)
  - AudioKit/Core (4.5.3)
  - AudioKit/UI (4.5.3):
    - AudioKit/Core

DEPENDENCIES:
  - AudioKit (~> 4.4)

SPEC REPOS:
  https://github.com/cocoapods/specs.git:
    - AudioKit

SPEC CHECKSUMS:
  AudioKit: 086927b955ed65d9d3398006eaa7a5c39ae8a7f1

PODFILE CHECKSUM: 28a32c4ddf58a21e842ea4a29aea393738a22a01

COCOAPODS: 1.5.3
